
Microsoft Visual Studio Solution File, Format Version 12.00
Project("{FAE04EC0-301F-11D3-BF4B-00C04F79EFBC}") = "VulkanGraphicsEngine", "VulkanGraphicsEngine\VulkanGraphicsEngine.csproj", "{571BD680-91DD-4C2B-855A-6CCD214DD800}"
EndProject
Global
	GlobalSection(SolutionConfigurationPlatforms) = preSolution
		Debug|Any CPU = Debug|Any CPU
		Release|Any CPU = Release|Any CPU
	EndGlobalSection
	GlobalSection(ProjectConfigurationPlatforms) = postSolution
		{571BD680-91DD-4C2B-855A-6CCD214DD800}.Debug|Any CPU.ActiveCfg = Debug|Any CPU
		{571BD680-91DD-4C2B-855A-6CCD214DD800}.Debug|Any CPU.Build.0 = Debug|Any CPU
		{571BD680-91DD-4C2B-855A-6CCD214DD800}.Release|Any CPU.ActiveCfg = Release|Any CPU
		{571BD680-91DD-4C2B-855A-6CCD214DD800}.Release|Any CPU.Build.0 = Release|Any CPU
	EndGlobalSection
EndGlobal
